
Microsoft Visual Studio Solution File, Format Version 12.00
# Visual Studio Version 16
VisualStudioVersion = 16.0.29806.167
MinimumVisualStudioVersion = 10.0.40219.1
Project("{FAE04EC0-301F-11D3-BF4B-00C04F79EFBC}") = "QLPKDK", "QLPKDK\QLPKDK.csproj", "{4E3B3AC1-862E-4233-8A90-16021ED8C573}"
EndProject
Global
	GlobalSection(SolutionConfigurationPlatforms) = preSolution
		Debug|Any CPU = Debug|Any CPU
		Release|Any CPU = Release|Any CPU
	EndGlobalSection
	GlobalSection(ProjectConfigurationPlatforms) = postSolution
		{4E3B3AC1-862E-4233-8A90-16021ED8C573}.Debug|Any CPU.ActiveCfg = Debug|Any CPU
		{4E3B3AC1-862E-4233-8A90-16021ED8C573}.Debug|Any CPU.Build.0 = Debug|Any CPU
		{4E3B3AC1-862E-4233-8A90-16021ED8C573}.Release|Any CPU.ActiveCfg = Release|Any CPU
		{4E3B3AC1-862E-4233-8A90-16021ED8C573}.Release|Any CPU.Build.0 = Release|Any CPU
	EndGlobalSection
	GlobalSection(SolutionProperties) = preSolution
		HideSolutionNode = FALSE
	EndGlobalSection
	GlobalSection(ExtensibilityGlobals) = postSolution
		SolutionGuid = {61A33D5B-9E54-444A-B213-8DE005CD905D}
	EndGlobalSection
EndGlobal
